
Microsoft Visual Studio Solution File, Format Version 12.00
# Visual Studio Version 16
VisualStudioVersion = 16.0.29905.134
MinimumVisualStudioVersion = 10.0.40219.1
Project("{9A19103F-16F7-4668-BE54-9A1E7A4F7556}") = "WSEI_MURP_v1", "WSEI_MURP_v1.csproj", "{FD1FE8BF-0506-4219-855B-DE321C78D5F5}"
EndProject
Global
	GlobalSection(SolutionConfigurationPlatforms) = preSolution
		Debug|Any CPU = Debug|Any CPU
		Release|Any CPU = Release|Any CPU
	EndGlobalSection
	GlobalSection(ProjectConfigurationPlatforms) = postSolution
		{FD1FE8BF-0506-4219-855B-DE321C78D5F5}.Debug|Any CPU.ActiveCfg = Debug|Any CPU
		{FD1FE8BF-0506-4219-855B-DE321C78D5F5}.Debug|Any CPU.Build.0 = Debug|Any CPU
		{FD1FE8BF-0506-4219-855B-DE321C78D5F5}.Release|Any CPU.ActiveCfg = Release|Any CPU
		{FD1FE8BF-0506-4219-855B-DE321C78D5F5}.Release|Any CPU.Build.0 = Release|Any CPU
	EndGlobalSection
	GlobalSection(SolutionProperties) = preSolution
		HideSolutionNode = FALSE
	EndGlobalSection
	GlobalSection(ExtensibilityGlobals) = postSolution
		SolutionGuid = {90A1A10C-54E8-435A-BE27-171B0C2F39BA}
	EndGlobalSection
EndGlobal
